<?xml version="1.0" encoding="utf-8"?>
<Project ToolsVersion="16.0" xmlns="http://schemas.microsoft.com/developer/msbuild/2003">
  <ItemGroup>
    <ClCompile Include="example-app.cpp">
      <Filter>Source Files</Filter>
    </ClCompile>
    <ClCompile Include="Main.cpp">
      <Filter>Source Files</Filter>
    </ClCompile>
    <ClCompile Include="GameSession.cpp">
      <Filter>Source Files</Filter>
    </ClCompile>
    <ClCompile Include="DQN.cpp">
      <Filter>Source Files\algorithms</Filter>
    </ClCompile>
    <ClCompile Include="DTensor.cpp">
      <Filter>Source Files\utils</Filter>
    </ClCompile>
    <ClCompile Include="ReplayBuffer.cpp">
      <Filter>Source Files\utils</Filter>
    </ClCompile>
    <ClCompile Include="PipeServer.cpp">
      <Filter>Source Files\ipc</Filter>
    </ClCompile>
    <ClCompile Include="dqn_main.cpp">
      <Filter>Source Files</Filter>
    </ClCompile>
    <ClCompile Include="main_caller.cpp">
      <Filter>Source Files</Filter>
    </ClCompile>
    <ClCompile Include="main_rps.cpp">
      <Filter>Source Files</Filter>
    </ClCompile>
    <ClCompile Include="EpsilonGreedy.cpp">
      <Filter>Source Files\algorithms\exploration</Filter>
    </ClCompile>
    <ClCompile Include="main_rpg.cpp">
      <Filter>Source Files</Filter>
    </ClCompile>
    <ClCompile Include="Boltzmann.cpp">
      <Filter>Source Files\algorithms\exploration</Filter>
    </ClCompile>
    <ClCompile Include="main_sumtree.cpp">
      <Filter>Source Files</Filter>
    </ClCompile>
    <ClCompile Include="PDQN.cpp">
      <Filter>Source Files\algorithms</Filter>
    </ClCompile>
    <ClCompile Include="MaxTree.cpp">
      <Filter>Source Files\utils\trees</Filter>
    </ClCompile>
    <ClCompile Include="SumTree.cpp">
      <Filter>Source Files\utils\trees</Filter>
    </ClCompile>
    <ClCompile Include="Tree.cpp">
      <Filter>Source Files\utils\trees</Filter>
    </ClCompile>
    <ClCompile Include="PESampler.cpp">
      <Filter>Source Files\utils</Filter>
    </ClCompile>
    <ClCompile Include="LinearLRS.cpp">
      <Filter>Source Files\schedulers</Filter>
    </ClCompile>
    <ClCompile Include="DQNA.cpp">
      <Filter>Source Files\algorithms</Filter>
    </ClCompile>
  </ItemGroup>
  <ItemGroup>
    <Filter Include="Source Files">
      <UniqueIdentifier>{F23262D7-7A28-3657-BA8F-128552BB4444}</UniqueIdentifier>
    </Filter>
    <Filter Include="Source Files\algorithms">
      <UniqueIdentifier>{2d9fb4a7-a52f-4ccb-9365-c8dab09e88b0}</UniqueIdentifier>
    </Filter>
    <Filter Include="Source Files\utils">
      <UniqueIdentifier>{7f908916-8854-4dfc-a337-8a47f61c5e3b}</UniqueIdentifier>
    </Filter>
    <Filter Include="Source Files\ipc">
      <UniqueIdentifier>{e8771bcb-60ef-4db0-9fda-4ee0338b058c}</UniqueIdentifier>
    </Filter>
    <Filter Include="Source Files\models">
      <UniqueIdentifier>{688f629b-010f-4502-97c0-b5b143c439d2}</UniqueIdentifier>
    </Filter>
    <Filter Include="Source Files\algorithms\exploration">
      <UniqueIdentifier>{56aae5a1-be8a-46ab-8ad2-60bd3da6940f}</UniqueIdentifier>
    </Filter>
    <Filter Include="Source Files\structs">
      <UniqueIdentifier>{32f396ba-e557-4c17-9e21-cf0225fa9564}</UniqueIdentifier>
    </Filter>
    <Filter Include="Source Files\utils\trees">
      <UniqueIdentifier>{9a45f5c9-19ad-4588-9269-4090823468e3}</UniqueIdentifier>
    </Filter>
    <Filter Include="Source Files\schedulers">
      <UniqueIdentifier>{4121aea3-13d7-4229-acb0-a25dc8d8ab1f}</UniqueIdentifier>
    </Filter>
  </ItemGroup>
  <ItemGroup>
    <ClInclude Include="GameSession.h">
      <Filter>Source Files</Filter>
    </ClInclude>
    <ClInclude Include="RLA.h">
      <Filter>Source Files\algorithms</Filter>
    </ClInclude>
    <ClInclude Include="DQN.h">
      <Filter>Source Files\algorithms</Filter>
    </ClInclude>
    <ClInclude Include="DTensor.h">
      <Filter>Source Files\utils</Filter>
    </ClInclude>
    <ClInclude Include="ReplayBuffer.h">
      <Filter>Source Files\utils</Filter>
    </ClInclude>
    <ClInclude Include="PipeServer.h">
      <Filter>Source Files\ipc</Filter>
    </ClInclude>
    <ClInclude Include="tensoroptions.h">
      <Filter>Source Files\utils</Filter>
    </ClInclude>
    <ClInclude Include="QNetSimpl.h">
      <Filter>Source Files\models</Filter>
    </ClInclude>
    <ClInclude Include="models.h">
      <Filter>Source Files\models</Filter>
    </ClInclude>
    <ClInclude Include="QNetState.h">
      <Filter>Source Files\models</Filter>
    </ClInclude>
    <ClInclude Include="dqn_main.h">
      <Filter>Source Files</Filter>
    </ClInclude>
    <ClInclude Include="main_rps.h">
      <Filter>Source Files</Filter>
    </ClInclude>
    <ClInclude Include="QNetBasic.h">
      <Filter>Source Files\models</Filter>
    </ClInclude>
    <ClInclude Include="EpsilonGreedy.h">
      <Filter>Source Files\algorithms\exploration</Filter>
    </ClInclude>
    <ClInclude Include="XPA.h">
      <Filter>Source Files\algorithms\exploration</Filter>
    </ClInclude>
    <ClInclude Include="QNetConv.h">
      <Filter>Source Files\models</Filter>
    </ClInclude>
    <ClInclude Include="ConvHead.h">
      <Filter>Source Files\models</Filter>
    </ClInclude>
    <ClInclude Include="ConvBlock.h">
      <Filter>Source Files\models</Filter>
    </ClInclude>
    <ClInclude Include="State.h">
      <Filter>Source Files\structs</Filter>
    </ClInclude>
    <ClInclude Include="RBSample.h">
      <Filter>Source Files\structs</Filter>
    </ClInclude>
    <ClInclude Include="main_rpg.h">
      <Filter>Source Files</Filter>
    </ClInclude>
    <ClInclude Include="Boltzmann.h">
      <Filter>Source Files\algorithms\exploration</Filter>
    </ClInclude>
    <ClInclude Include="QNetConvGoMid.h">
      <Filter>Source Files\models</Filter>
    </ClInclude>
    <ClInclude Include="main_sumtree.h">
      <Filter>Source Files</Filter>
    </ClInclude>
    <ClInclude Include="PDQN.h">
      <Filter>Source Files\algorithms</Filter>
    </ClInclude>
    <ClInclude Include="MaxTree.h">
      <Filter>Source Files\utils\trees</Filter>
    </ClInclude>
    <ClInclude Include="SumTree.h">
      <Filter>Source Files\utils\trees</Filter>
    </ClInclude>
    <ClInclude Include="Tree.h">
      <Filter>Source Files\utils\trees</Filter>
    </ClInclude>
    <ClInclude Include="PESampler.h">
      <Filter>Source Files\utils</Filter>
    </ClInclude>
    <ClInclude Include="LinearLRS.h">
      <Filter>Source Files\schedulers</Filter>
    </ClInclude>
    <ClInclude Include="DQNA.h">
      <Filter>Source Files\algorithms</Filter>
    </ClInclude>
  </ItemGroup>
</Project>